
Microsoft Visual Studio Solution File, Format Version 12.00
# Visual Studio Version 17
VisualStudioVersion = 17.14.36109.1 d17.14
MinimumVisualStudioVersion = 10.0.40219.1
Project("{FAE04EC0-301F-11D3-BF4B-00C04F79EFBC}") = "CP", "CP\CP.csproj", "{8B34005E-3358-4723-9BFA-1DBD1F7928D3}"
EndProject
Global
	GlobalSection(SolutionConfigurationPlatforms) = preSolution
		Debug|Any CPU = Debug|Any CPU
		Release|Any CPU = Release|Any CPU
	EndGlobalSection
	GlobalSection(ProjectConfigurationPlatforms) = postSolution
		{8B34005E-3358-4723-9BFA-1DBD1F7928D3}.Debug|Any CPU.ActiveCfg = Debug|Any CPU
		{8B34005E-3358-4723-9BFA-1DBD1F7928D3}.Debug|Any CPU.Build.0 = Debug|Any CPU
		{8B34005E-3358-4723-9BFA-1DBD1F7928D3}.Release|Any CPU.ActiveCfg = Release|Any CPU
		{8B34005E-3358-4723-9BFA-1DBD1F7928D3}.Release|Any CPU.Build.0 = Release|Any CPU
	EndGlobalSection
	GlobalSection(SolutionProperties) = preSolution
		HideSolutionNode = FALSE
	EndGlobalSection
	GlobalSection(ExtensibilityGlobals) = postSolution
		SolutionGuid = {33083837-883A-477F-9F74-6D4FE68B2B16}
	EndGlobalSection
EndGlobal
